Microsoft Visual Studio Solution File, Format Version 12.00
# Visual Studio Version 17
VisualStudioVersion = 17.5.2.0
MinimumVisualStudioVersion = 10.0.40219.1
Project("{FAE04EC0-301F-11D3-BF4B-00C04F79EFBC}") = "SaveMyFridge.Api", "SaveMyFridge.Api.csproj", "{CC073E82-FA29-4DF3-D371-DD31ABE659C0}"
EndProject
Global
	GlobalSection(SolutionConfigurationPlatforms) = preSolution
		Debug|Any CPU = Debug|Any CPU
		Release|Any CPU = Release|Any CPU
	EndGlobalSection
	GlobalSection(ProjectConfigurationPlatforms) = postSolution
		{CC073E82-FA29-4DF3-D371-DD31ABE659C0}.Debug|Any CPU.ActiveCfg = Debug|Any CPU
		{CC073E82-FA29-4DF3-D371-DD31ABE659C0}.Debug|Any CPU.Build.0 = Debug|Any CPU
		{CC073E82-FA29-4DF3-D371-DD31ABE659C0}.Release|Any CPU.ActiveCfg = Release|Any CPU
		{CC073E82-FA29-4DF3-D371-DD31ABE659C0}.Release|Any CPU.Build.0 = Release|Any CPU
	EndGlobalSection
	GlobalSection(SolutionProperties) = preSolution
		HideSolutionNode = FALSE
	EndGlobalSection
	GlobalSection(ExtensibilityGlobals) = postSolution
		SolutionGuid = {C94E974B-2911-4A5F-9CD2-2FFBF9F79290}
	EndGlobalSection
EndGlobal
